
Microsoft Visual Studio Solution File, Format Version 12.00
# Visual Studio Version 17
VisualStudioVersion = 17.14.36811.4 d17.14
MinimumVisualStudioVersion = 10.0.40219.1
Project("{FAE04EC0-301F-11D3-BF4B-00C04F79EFBC}") = "Minimarket", "Minimarket.csproj", "{5CEBA1A6-EDA4-4146-A5AA-32FCF85DDC1A}"
EndProject
Project("{FAE04EC0-301F-11D3-BF4B-00C04F79EFBC}") = "BLL", "..\BLL\BLL.csproj", "{F2F3245A-9701-4446-ADD8-9835F18252CD}"
EndProject
Project("{FAE04EC0-301F-11D3-BF4B-00C04F79EFBC}") = "DAL", "..\DAL\DAL.csproj", "{EA186366-A962-4CC6-BCE7-5D82C6684540}"
EndProject
Project("{FAE04EC0-301F-11D3-BF4B-00C04F79EFBC}") = "Entity", "..\Entity\Entity.csproj", "{94709FCB-D280-4B21-9E34-00BB4B095135}"
EndProject
Global
	GlobalSection(SolutionConfigurationPlatforms) = preSolution
		Debug|Any CPU = Debug|Any CPU
		Release|Any CPU = Release|Any CPU
	EndGlobalSection
	GlobalSection(ProjectConfigurationPlatforms) = postSolution
		{5CEBA1A6-EDA4-4146-A5AA-32FCF85DDC1A}.Debug|Any CPU.ActiveCfg = Debug|Any CPU
		{5CEBA1A6-EDA4-4146-A5AA-32FCF85DDC1A}.Debug|Any CPU.Build.0 = Debug|Any CPU
		{5CEBA1A6-EDA4-4146-A5AA-32FCF85DDC1A}.Release|Any CPU.ActiveCfg = Release|Any CPU
		{5CEBA1A6-EDA4-4146-A5AA-32FCF85DDC1A}.Release|Any CPU.Build.0 = Release|Any CPU
		{F2F3245A-9701-4446-ADD8-9835F18252CD}.Debug|Any CPU.ActiveCfg = Debug|Any CPU
		{F2F3245A-9701-4446-ADD8-9835F18252CD}.Debug|Any CPU.Build.0 = Debug|Any CPU
		{F2F3245A-9701-4446-ADD8-9835F18252CD}.Release|Any CPU.ActiveCfg = Release|Any CPU
		{F2F3245A-9701-4446-ADD8-9835F18252CD}.Release|Any CPU.Build.0 = Release|Any CPU
		{EA186366-A962-4CC6-BCE7-5D82C6684540}.Debug|Any CPU.ActiveCfg = Debug|Any CPU
		{EA186366-A962-4CC6-BCE7-5D82C6684540}.Debug|Any CPU.Build.0 = Debug|Any CPU
		{EA186366-A962-4CC6-BCE7-5D82C6684540}.Release|Any CPU.ActiveCfg = Release|Any CPU
		{EA186366-A962-4CC6-BCE7-5D82C6684540}.Release|Any CPU.Build.0 = Release|Any CPU
		{94709FCB-D280-4B21-9E34-00BB4B095135}.Debug|Any CPU.ActiveCfg = Debug|Any CPU
		{94709FCB-D280-4B21-9E34-00BB4B095135}.Debug|Any CPU.Build.0 = Debug|Any CPU
		{94709FCB-D280-4B21-9E34-00BB4B095135}.Release|Any CPU.ActiveCfg = Release|Any CPU
		{94709FCB-D280-4B21-9E34-00BB4B095135}.Release|Any CPU.Build.0 = Release|Any CPU
	EndGlobalSection
	GlobalSection(SolutionProperties) = preSolution
		HideSolutionNode = FALSE
	EndGlobalSection
	GlobalSection(ExtensibilityGlobals) = postSolution
		SolutionGuid = {4FE87769-1FF0-47FF-B91F-1BB9F82D7105}
	EndGlobalSection
EndGlobal
